
Microsoft Visual Studio Solution File, Format Version 12.00
# Visual Studio Version 17
VisualStudioVersion = 17.10.35004.147
MinimumVisualStudioVersion = 10.0.40219.1
Project("{FAE04EC0-301F-11D3-BF4B-00C04F79EFBC}") = "Movies.Api", "Movies.Api\Movies.Api.csproj", "{DB51F09E-0760-445D-A2D4-562CC641FE42}"
EndProject
Project("{FAE04EC0-301F-11D3-BF4B-00C04F79EFBC}") = "Movies.Application", "Movies.Application\Movies.Application.csproj", "{1DA69771-2AF8-4BE3-B09A-00E4DEB038A0}"
EndProject
Project("{FAE04EC0-301F-11D3-BF4B-00C04F79EFBC}") = "Movies.Contracts", "Movies.Contracts\Movies.Contracts.csproj", "{ADC9BCC5-F201-47CC-A752-2F130D2EE80A}"
EndProject
Global
	GlobalSection(SolutionConfigurationPlatforms) = preSolution
		Debug|Any CPU = Debug|Any CPU
		Release|Any CPU = Release|Any CPU
	EndGlobalSection
	GlobalSection(ProjectConfigurationPlatforms) = postSolution
		{DB51F09E-0760-445D-A2D4-562CC641FE42}.Debug|Any CPU.ActiveCfg = Debug|Any CPU
		{DB51F09E-0760-445D-A2D4-562CC641FE42}.Debug|Any CPU.Build.0 = Debug|Any CPU
		{DB51F09E-0760-445D-A2D4-562CC641FE42}.Release|Any CPU.ActiveCfg = Release|Any CPU
		{DB51F09E-0760-445D-A2D4-562CC641FE42}.Release|Any CPU.Build.0 = Release|Any CPU
		{1DA69771-2AF8-4BE3-B09A-00E4DEB038A0}.Debug|Any CPU.ActiveCfg = Debug|Any CPU
		{1DA69771-2AF8-4BE3-B09A-00E4DEB038A0}.Debug|Any CPU.Build.0 = Debug|Any CPU
		{1DA69771-2AF8-4BE3-B09A-00E4DEB038A0}.Release|Any CPU.ActiveCfg = Release|Any CPU
		{1DA69771-2AF8-4BE3-B09A-00E4DEB038A0}.Release|Any CPU.Build.0 = Release|Any CPU
		{ADC9BCC5-F201-47CC-A752-2F130D2EE80A}.Debug|Any CPU.ActiveCfg = Debug|Any CPU
		{ADC9BCC5-F201-47CC-A752-2F130D2EE80A}.Debug|Any CPU.Build.0 = Debug|Any CPU
		{ADC9BCC5-F201-47CC-A752-2F130D2EE80A}.Release|Any CPU.ActiveCfg = Release|Any CPU
		{ADC9BCC5-F201-47CC-A752-2F130D2EE80A}.Release|Any CPU.Build.0 = Release|Any CPU
	EndGlobalSection
	GlobalSection(SolutionProperties) = preSolution
		HideSolutionNode = FALSE
	EndGlobalSection
	GlobalSection(ExtensibilityGlobals) = postSolution
		SolutionGuid = {B30F0F7A-B320-4CD3-A5D3-090684B9DBF6}
	EndGlobalSection
EndGlobal
